
Microsoft Visual Studio Solution File, Format Version 12.00
# Visual Studio Version 16
VisualStudioVersion = 16.0.30002.166
MinimumVisualStudioVersion = 10.0.40219.1
Project("{FAE04EC0-301F-11D3-BF4B-00C04F79EFBC}") = "WpfApp1", "WpfApp1.csproj", "{41100B98-FD5B-41DB-A8E2-2AD909B71451}"
EndProject
Global
	GlobalSection(SolutionConfigurationPlatforms) = preSolution
		Debug|Any CPU = Debug|Any CPU
		Release|Any CPU = Release|Any CPU
	EndGlobalSection
	GlobalSection(ProjectConfigurationPlatforms) = postSolution
		{41100B98-FD5B-41DB-A8E2-2AD909B71451}.Debug|Any CPU.ActiveCfg = Debug|Any CPU
		{41100B98-FD5B-41DB-A8E2-2AD909B71451}.Debug|Any CPU.Build.0 = Debug|Any CPU
		{41100B98-FD5B-41DB-A8E2-2AD909B71451}.Release|Any CPU.ActiveCfg = Release|Any CPU
		{41100B98-FD5B-41DB-A8E2-2AD909B71451}.Release|Any CPU.Build.0 = Release|Any CPU
	EndGlobalSection
	GlobalSection(SolutionProperties) = preSolution
		HideSolutionNode = FALSE
	EndGlobalSection
	GlobalSection(ExtensibilityGlobals) = postSolution
		SolutionGuid = {B2FED4F5-2705-4811-BA31-0880CA1B0C69}
	EndGlobalSection
EndGlobal
